
Microsoft Visual Studio Solution File, Format Version 12.00
# Visual Studio 14
VisualStudioVersion = 14.0.25420.1
MinimumVisualStudioVersion = 10.0.40219.1
Project("{FAE04EC0-301F-11D3-BF4B-00C04F79EFBC}") = "PortfolioManager3", "PortfolioManager3\PortfolioManager3.csproj", "{90E1B62D-92B5-4A84-B5E1-A30EAE9B6495}"
EndProject
Project("{FAE04EC0-301F-11D3-BF4B-00C04F79EFBC}") = "PortfolioManagerTests", "PortfolioManagerTests\PortfolioManagerTests.csproj", "{A0DB95C0-A5CA-4090-8223-AB97B9634B0F}"
EndProject
Global
	GlobalSection(SolutionConfigurationPlatforms) = preSolution
		Debug|Any CPU = Debug|Any CPU
		Release|Any CPU = Release|Any CPU
	EndGlobalSection
	GlobalSection(ProjectConfigurationPlatforms) = postSolution
		{90E1B62D-92B5-4A84-B5E1-A30EAE9B6495}.Debug|Any CPU.ActiveCfg = Debug|Any CPU
		{90E1B62D-92B5-4A84-B5E1-A30EAE9B6495}.Debug|Any CPU.Build.0 = Debug|Any CPU
		{90E1B62D-92B5-4A84-B5E1-A30EAE9B6495}.Release|Any CPU.ActiveCfg = Release|Any CPU
		{90E1B62D-92B5-4A84-B5E1-A30EAE9B6495}.Release|Any CPU.Build.0 = Release|Any CPU
		{A0DB95C0-A5CA-4090-8223-AB97B9634B0F}.Debug|Any CPU.ActiveCfg = Debug|Any CPU
		{A0DB95C0-A5CA-4090-8223-AB97B9634B0F}.Debug|Any CPU.Build.0 = Debug|Any CPU
		{A0DB95C0-A5CA-4090-8223-AB97B9634B0F}.Release|Any CPU.ActiveCfg = Release|Any CPU
		{A0DB95C0-A5CA-4090-8223-AB97B9634B0F}.Release|Any CPU.Build.0 = Release|Any CPU
	EndGlobalSection
	GlobalSection(SolutionProperties) = preSolution
		HideSolutionNode = FALSE
	EndGlobalSection
EndGlobal
